
Microsoft Visual Studio Solution File, Format Version 12.00
# Visual Studio Version 16
VisualStudioVersion = 16.0.30611.23
MinimumVisualStudioVersion = 10.0.40219.1
Project("{FAE04EC0-301F-11D3-BF4B-00C04F79EFBC}") = "MoodAnalyse", "MoodAnalyse.csproj", "{A5881C33-FD4D-4B27-BD78-1A94D827CFDB}"
EndProject
Project("{9A19103F-16F7-4668-BE54-9A1E7A4F7556}") = "MoodAnalyserTest", "..\MoodAnalyserTest\MoodAnalyserTest.csproj", "{59508A69-79D1-4C37-96DD-7AB5E934305E}"
EndProject
Global
	GlobalSection(SolutionConfigurationPlatforms) = preSolution
		Debug|Any CPU = Debug|Any CPU
		Release|Any CPU = Release|Any CPU
	EndGlobalSection
	GlobalSection(ProjectConfigurationPlatforms) = postSolution
		{A5881C33-FD4D-4B27-BD78-1A94D827CFDB}.Debug|Any CPU.ActiveCfg = Debug|Any CPU
		{A5881C33-FD4D-4B27-BD78-1A94D827CFDB}.Debug|Any CPU.Build.0 = Debug|Any CPU
		{A5881C33-FD4D-4B27-BD78-1A94D827CFDB}.Release|Any CPU.ActiveCfg = Release|Any CPU
		{A5881C33-FD4D-4B27-BD78-1A94D827CFDB}.Release|Any CPU.Build.0 = Release|Any CPU
		{59508A69-79D1-4C37-96DD-7AB5E934305E}.Debug|Any CPU.ActiveCfg = Debug|Any CPU
		{59508A69-79D1-4C37-96DD-7AB5E934305E}.Debug|Any CPU.Build.0 = Debug|Any CPU
		{59508A69-79D1-4C37-96DD-7AB5E934305E}.Release|Any CPU.ActiveCfg = Release|Any CPU
		{59508A69-79D1-4C37-96DD-7AB5E934305E}.Release|Any CPU.Build.0 = Release|Any CPU
	EndGlobalSection
	GlobalSection(SolutionProperties) = preSolution
		HideSolutionNode = FALSE
	EndGlobalSection
	GlobalSection(ExtensibilityGlobals) = postSolution
		SolutionGuid = {1917FB83-494E-4F88-A54F-C80BBED7E34C}
	EndGlobalSection
EndGlobal
